{
  "name": "backend",
  "lockfileVersion": 3,
  "requires": true,
  "packages": {
    "": {
      "dependencies": {
        "sweetalert2": "11.26.3"
      },
      "devDependencies": {
        "baseline-browser-mapping": "^2.10.17"
      }
    },
    "node_modules/baseline-browser-mapping": {
      "version": "2.10.17",
      "resolved": "https://registry.npmjs.org/baseline-browser-mapping/-/baseline-browser-mapping-2.10.17.tgz",
      "integrity": "sha512-HdrkN8eVG2CXxeifv/VdJ4A4RSra1DTW8dc/hdxzhGHN8QePs6gKaWM9pHPcpCoxYZJuOZ8drHmbdpLHjCYjLA==",
      "dev": true,
      "license": "Apache-2.0",
      "bin": {
        "baseline-browser-mapping": "dist/cli.cjs"
      },
      "engines": {
        "node": ">=6.0.0"
      }
    },
    "node_modules/sweetalert2": {
      "version": "11.26.3",
      "resolved": "https://registry.npmjs.org/sweetalert2/-/sweetalert2-11.26.3.tgz",
      "integrity": "sha512-VU0hGw/WfI9h7Mh+SCsDlWgtxDwWZ6ccqS7QcO8zEeWnwplN1GptcLstq76OluUBSLUza6ldvKd3558OhjpJ9A==",
      "license": "MIT",
      "funding": {
        "type": "individual",
        "url": "https://github.com/sponsors/limonte"
      }
    }
  }
}
